
Microsoft Visual Studio Solution File, Format Version 12.00
# Visual Studio Version 16
VisualStudioVersion = 16.0.31702.278
MinimumVisualStudioVersion = 10.0.40219.1
Project("{FAE04EC0-301F-11D3-BF4B-00C04F79EFBC}") = "365_insulin_pump", "365_insulin_pump\365_insulin_pump.csproj", "{3240F781-8392-4763-BFAC-4EAF7F2EA735}"
EndProject
Global
	GlobalSection(SolutionConfigurationPlatforms) = preSolution
		Debug|Any CPU = Debug|Any CPU
		Release|Any CPU = Release|Any CPU
	EndGlobalSection
	GlobalSection(ProjectConfigurationPlatforms) = postSolution
		{3240F781-8392-4763-BFAC-4EAF7F2EA735}.Debug|Any CPU.ActiveCfg = Debug|Any CPU
		{3240F781-8392-4763-BFAC-4EAF7F2EA735}.Debug|Any CPU.Build.0 = Debug|Any CPU
		{3240F781-8392-4763-BFAC-4EAF7F2EA735}.Release|Any CPU.ActiveCfg = Release|Any CPU
		{3240F781-8392-4763-BFAC-4EAF7F2EA735}.Release|Any CPU.Build.0 = Release|Any CPU
	EndGlobalSection
	GlobalSection(SolutionProperties) = preSolution
		HideSolutionNode = FALSE
	EndGlobalSection
	GlobalSection(ExtensibilityGlobals) = postSolution
		SolutionGuid = {1AA6E6A0-4397-423D-B186-CC50E63ED0EC}
	EndGlobalSection
EndGlobal
